
Microsoft Visual Studio Solution File, Format Version 12.00
# Visual Studio Version 17
VisualStudioVersion = 17.8.34330.188
MinimumVisualStudioVersion = 10.0.40219.1
Project("{FAE04EC0-301F-11D3-BF4B-00C04F79EFBC}") = "Dumitrache_Dan_Lab1", "Dumitrache_Dan_Lab1.csproj", "{0A94016F-1D7A-4176-AF36-12BA21A60B20}"
EndProject
Global
	GlobalSection(SolutionConfigurationPlatforms) = preSolution
		Debug|Any CPU = Debug|Any CPU
		Release|Any CPU = Release|Any CPU
	EndGlobalSection
	GlobalSection(ProjectConfigurationPlatforms) = postSolution
		{0A94016F-1D7A-4176-AF36-12BA21A60B20}.Debug|Any CPU.ActiveCfg = Debug|Any CPU
		{0A94016F-1D7A-4176-AF36-12BA21A60B20}.Debug|Any CPU.Build.0 = Debug|Any CPU
		{0A94016F-1D7A-4176-AF36-12BA21A60B20}.Release|Any CPU.ActiveCfg = Release|Any CPU
		{0A94016F-1D7A-4176-AF36-12BA21A60B20}.Release|Any CPU.Build.0 = Release|Any CPU
	EndGlobalSection
	GlobalSection(SolutionProperties) = preSolution
		HideSolutionNode = FALSE
	EndGlobalSection
	GlobalSection(ExtensibilityGlobals) = postSolution
		SolutionGuid = {0FC32EC1-25B6-479E-B108-2073442BA875}
	EndGlobalSection
EndGlobal
